
Microsoft Visual Studio Solution File, Format Version 12.00
# Visual Studio Version 16
VisualStudioVersion = 25.0.1704.0
MinimumVisualStudioVersion = 10.0.40219.1
Project("{FAE04EC0-301F-11D3-BF4B-00C04F79EFBC}") = "Core.Persistence", "Core.Persistence\Core.Persistence.csproj", "{0AD76888-0B58-4F36-B1D4-6C71A22A454E}"
EndProject
Project("{FAE04EC0-301F-11D3-BF4B-00C04F79EFBC}") = "Core.Mailing", "Core.Mailing\Core.Mailing.csproj", "{C773CC09-C847-42EF-844E-ADEA48D36FFF}"
EndProject
Project("{FAE04EC0-301F-11D3-BF4B-00C04F79EFBC}") = "Core.CrossCuttingConcerns", "Core.CrossCuttingConcerns\Core.CrossCuttingConcerns.csproj", "{EAC97E64-BAFA-46A6-8BEF-63F6C92F3454}"
EndProject
Project("{FAE04EC0-301F-11D3-BF4B-00C04F79EFBC}") = "Core.ElasticSearch", "Core.ElasticSearch\Core.ElasticSearch.csproj", "{FFB846C7-2FAC-45C5-96D5-BCB443FE88A5}"
EndProject
Project("{FAE04EC0-301F-11D3-BF4B-00C04F79EFBC}") = "Core.Security", "Core.Security\Core.Security.csproj", "{D44C1BA8-FB7E-4289-ADAC-B65957F79E6F}"
EndProject
Project("{FAE04EC0-301F-11D3-BF4B-00C04F79EFBC}") = "Core.Application", "Core.Application\Core.Application.csproj", "{FD5D2425-C5CE-43F9-926C-3936146F144C}"
EndProject
Project("{FAE04EC0-301F-11D3-BF4B-00C04F79EFBC}") = "Core.Test", "Core.Test\Core.Test.csproj", "{FF500B9F-45BF-41B5-93BB-DFA983E5F0CB}"
EndProject
Global
	GlobalSection(SolutionConfigurationPlatforms) = preSolution
		Debug|Any CPU = Debug|Any CPU
		Release|Any CPU = Release|Any CPU
	EndGlobalSection
	GlobalSection(ProjectConfigurationPlatforms) = postSolution
		{0AD76888-0B58-4F36-B1D4-6C71A22A454E}.Debug|Any CPU.ActiveCfg = Debug|Any CPU
		{0AD76888-0B58-4F36-B1D4-6C71A22A454E}.Debug|Any CPU.Build.0 = Debug|Any CPU
		{0AD76888-0B58-4F36-B1D4-6C71A22A454E}.Release|Any CPU.ActiveCfg = Release|Any CPU
		{0AD76888-0B58-4F36-B1D4-6C71A22A454E}.Release|Any CPU.Build.0 = Release|Any CPU
		{C773CC09-C847-42EF-844E-ADEA48D36FFF}.Debug|Any CPU.ActiveCfg = Debug|Any CPU
		{C773CC09-C847-42EF-844E-ADEA48D36FFF}.Debug|Any CPU.Build.0 = Debug|Any CPU
		{C773CC09-C847-42EF-844E-ADEA48D36FFF}.Release|Any CPU.ActiveCfg = Release|Any CPU
		{C773CC09-C847-42EF-844E-ADEA48D36FFF}.Release|Any CPU.Build.0 = Release|Any CPU
		{EAC97E64-BAFA-46A6-8BEF-63F6C92F3454}.Debug|Any CPU.ActiveCfg = Debug|Any CPU
		{EAC97E64-BAFA-46A6-8BEF-63F6C92F3454}.Debug|Any CPU.Build.0 = Debug|Any CPU
		{EAC97E64-BAFA-46A6-8BEF-63F6C92F3454}.Release|Any CPU.ActiveCfg = Release|Any CPU
		{EAC97E64-BAFA-46A6-8BEF-63F6C92F3454}.Release|Any CPU.Build.0 = Release|Any CPU
		{FFB846C7-2FAC-45C5-96D5-BCB443FE88A5}.Debug|Any CPU.ActiveCfg = Debug|Any CPU
		{FFB846C7-2FAC-45C5-96D5-BCB443FE88A5}.Debug|Any CPU.Build.0 = Debug|Any CPU
		{FFB846C7-2FAC-45C5-96D5-BCB443FE88A5}.Release|Any CPU.ActiveCfg = Release|Any CPU
		{FFB846C7-2FAC-45C5-96D5-BCB443FE88A5}.Release|Any CPU.Build.0 = Release|Any CPU
		{D44C1BA8-FB7E-4289-ADAC-B65957F79E6F}.Debug|Any CPU.ActiveCfg = Debug|Any CPU
		{D44C1BA8-FB7E-4289-ADAC-B65957F79E6F}.Debug|Any CPU.Build.0 = Debug|Any CPU
		{D44C1BA8-FB7E-4289-ADAC-B65957F79E6F}.Release|Any CPU.ActiveCfg = Release|Any CPU
		{D44C1BA8-FB7E-4289-ADAC-B65957F79E6F}.Release|Any CPU.Build.0 = Release|Any CPU
		{FD5D2425-C5CE-43F9-926C-3936146F144C}.Debug|Any CPU.ActiveCfg = Debug|Any CPU
		{FD5D2425-C5CE-43F9-926C-3936146F144C}.Debug|Any CPU.Build.0 = Debug|Any CPU
		{FD5D2425-C5CE-43F9-926C-3936146F144C}.Release|Any CPU.ActiveCfg = Release|Any CPU
		{FD5D2425-C5CE-43F9-926C-3936146F144C}.Release|Any CPU.Build.0 = Release|Any CPU
		{FF500B9F-45BF-41B5-93BB-DFA983E5F0CB}.Debug|Any CPU.ActiveCfg = Debug|Any CPU
		{FF500B9F-45BF-41B5-93BB-DFA983E5F0CB}.Debug|Any CPU.Build.0 = Debug|Any CPU
		{FF500B9F-45BF-41B5-93BB-DFA983E5F0CB}.Release|Any CPU.ActiveCfg = Release|Any CPU
		{FF500B9F-45BF-41B5-93BB-DFA983E5F0CB}.Release|Any CPU.Build.0 = Release|Any CPU
	EndGlobalSection
	GlobalSection(SolutionProperties) = preSolution
		HideSolutionNode = FALSE
	EndGlobalSection
	GlobalSection(ExtensibilityGlobals) = postSolution
		SolutionGuid = {2402E8FA-647C-4BB9-99E4-51FECDFAD3A7}
	EndGlobalSection
	GlobalSection(MonoDevelopProperties) = preSolution
		Policies = $0
		$0.DotNetNamingPolicy = $1
		$1.DirectoryNamespaceAssociation = PrefixedHierarchical
		$0.TextStylePolicy = $2
		$2.inheritsSet = null
		$2.scope = text/x-csharp
		$0.CSharpFormattingPolicy = $3
		$3.scope = text/x-csharp
		$0.TextStylePolicy = $4
		$4.FileWidth = 80
		$4.TabsToSpaces = True
		$4.scope = text/plain
		$0.StandardHeader = $5
	EndGlobalSection
EndGlobal
